// !$*UTF8*$!
{
	archiveVersion = 1;
	classes = {
	};
	objectVersion = 46;
	objects = {

/* Begin PBXBuildFile section */
		B9D07078183B3BED00A21E65 /* Foundation.framework in Frameworks */ = {isa = PBXBuildFile; fileRef = B9D07077183B3BED00A21E65 /* Foundation.framework */; };
		B9D0707A183B3BED00A21E65 /* CoreGraphics.framework in Frameworks */ = {isa = PBXBuildFile; fileRef = B9D07079183B3BED00A21E65 /* CoreGraphics.framework */; };
		B9D0707C183B3BED00A21E65 /* UIKit.framework in Frameworks */ = {isa = PBXBuildFile; fileRef = B9D0707B183B3BED00A21E65 /* UIKit.framework */; };
		B9D07082183B3BED00A21E65 /* InfoPlist.strings in Resources */ = {isa = PBXBuildFile; fileRef = B9D07080183B3BED00A21E65 /* InfoPlist.strings */; };
		B9D07084183B3BED00A21E65 /* main.m in Sources */ = {isa = PBXBuildFile; fileRef = B9D07083183B3BED00A21E65 /* main.m */; };
		B9D07088183B3BED00A21E65 /* AppDelegate.m in Sources */ = {isa = PBXBuildFile; fileRef = B9D07087183B3BED00A21E65 /* AppDelegate.m */; };
		B9D0708B183B3BED00A21E65 /* Main.storyboard in Resources */ = {isa = PBXBuildFile; fileRef = B9D07089183B3BED00A21E65 /* Main.storyboard */; };
		B9D0708E183B3BED00A21E65 /* ViewController.m in Sources */ = {isa = PBXBuildFile; fileRef = B9D0708D183B3BED00A21E65 /* ViewController.m */; };
		B9D07090183B3BED00A21E65 /* Images.xcassets in Resources */ = {isa = PBXBuildFile; fileRef = B9D0708F183B3BED00A21E65 /* Images.xcassets */; };
		B9D070AF183B3EB900A21E65 /* UIWebViewWithHeader.m in Sources */ = {isa = PBXBuildFile; fileRef = B9D070AE183B3EB900A21E65 /* UIWebViewWithHeader.m */; };
/* End PBXBuildFile section */

/* Begin PBXFileReference section */
		B9D07074183B3BED00A21E65 /* UIWebViewWithHeader.app */ = {isa = PBXFileReference; explicitFileType = wrapper.application; includeInIndex = 0; path = UIWebViewWithHeader.app; sourceTree = BUILT_PRODUCTS_DIR; };
		B9D07077183B3BED00A21E65 /* Foundation.framework */ = {isa = PBXFileReference; lastKnownFileType = wrapper.framework; name = Foundation.framework; path = System/Library/Frameworks/Foundation.framework; sourceTree = SDKROOT; };
		B9D07079183B3BED00A21E65 /* CoreGraphics.framework */ = {isa = PBXFileReference; lastKnownFileType = wrapper.framework; name = CoreGraphics.framework; path = System/Library/Frameworks/CoreGraphics.framework; sourceTree = SDKROOT; };
		B9D0707B183B3BED00A21E65 /* UIKit.framework */ = {isa = PBXFileReference; lastKnownFileType = wrapper.framework; name = UIKit.framework; path = System/Library/Frameworks/UIKit.framework; sourceTree = SDKROOT; };
		B9D0707F183B3BED00A21E65 /* UIWebViewWithHeader-Info.plist */ = {isa = PBXFileReference; lastKnownFileType = text.plist.xml; path = "UIWebViewWithHeader-Info.plist"; sourceTree = "<group>"; };
		B9D07081183B3BED00A21E65 /* en */ = {isa = PBXFileReference; lastKnownFileType = text.plist.strings; name = en; path = en.lproj/InfoPlist.strings; sourceTree = "<group>"; };
		B9D07083183B3BED00A21E65 /* main.m */ = {isa = PBXFileReference; lastKnownFileType = sourcecode.c.objc; path = main.m; sourceTree = "<group>"; };
		B9D07085183B3BED00A21E65 /* UIWebViewWithHeader-Prefix.pch */ = {isa = PBXFileReference; lastKnownFileType = sourcecode.c.h; path = "UIWebViewWithHeader-Prefix.pch"; sourceTree = "<group>"; };
		B9D07086183B3BED00A21E65 /* AppDelegate.h */ = {isa = PBXFileReference; lastKnownFileType = sourcecode.c.h; path = AppDelegate.h; sourceTree = "<group>"; };
		B9D07087183B3BED00A21E65 /* AppDelegate.m */ = {isa = PBXFileReference; lastKnownFileType = sourcecode.c.objc; path = AppDelegate.m; sourceTree = "<group>"; };
		B9D0708A183B3BED00A21E65 /* Base */ = {isa = PBXFileReference; lastKnownFileType = file.storyboard; name = Base; path = Base.lproj/Main.storyboard; sourceTree = "<group>"; };
		B9D0708C183B3BED00A21E65 /* ViewController.h */ = {isa = PBXFileReference; lastKnownFileType = sourcecode.c.h; path = ViewController.h; sourceTree = "<group>"; };
		B9D0708D183B3BED00A21E65 /* ViewController.m */ = {isa = PBXFileReference; lastKnownFileType = sourcecode.c.objc; path = ViewController.m; sourceTree = "<group>"; };
		B9D0708F183B3BED00A21E65 /* Images.xcassets */ = {isa = PBXFileReference; lastKnownFileType = folder.assetcatalog; path = Images.xcassets; sourceTree = "<group>"; };
		B9D070AD183B3EB900A21E65 /* UIWebViewWithHeader.h */ = {isa = PBXFileReference; fileEncoding = 4; lastKnownFileType = sourcecode.c.h; name = UIWebViewWithHeader.h; path = UIWebViewWithHeader/UIWebViewWithHeader.h; sourceTree = "<group>"; };
		B9D070AE183B3EB900A21E65 /* UIWebViewWithHeader.m */ = {isa = PBXFileReference; fileEncoding = 4; lastKnownFileType = sourcecode.c.objc; name = UIWebViewWithHeader.m; path = UIWebViewWithHeader/UIWebViewWithHeader.m; sourceTree = "<group>"; };
/* End PBXFileReference section */

/* Begin PBXFrameworksBuildPhase section */
		B9D07071183B3BED00A21E65 /* Frameworks */ = {
			isa = PBXFrameworksBuildPhase;
			buildActionMask = 2147483647;
			files = (
				B9D0707A183B3BED00A21E65 /* CoreGraphics.framework in Frameworks */,
				B9D0707C183B3BED00A21E65 /* UIKit.framework in Frameworks */,
				B9D07078183B3BED00A21E65 /* Foundation.framework in Frameworks */,
			);
			runOnlyForDeploymentPostprocessing = 0;
		};
/* End PBXFrameworksBuildPhase section */

/* Begin PBXGroup section */
		B9D0706B183B3BED00A21E65 = {
			isa = PBXGroup;
			children = (
				B9D070AD183B3EB900A21E65 /* UIWebViewWithHeader.h */,
				B9D070AE183B3EB900A21E65 /* UIWebViewWithHeader.m */,
				B9D0707D183B3BED00A21E65 /* UIWebViewWithHeader */,
				B9D07076183B3BED00A21E65 /* Frameworks */,
				B9D07075183B3BED00A21E65 /* Products */,
			);
			sourceTree = "<group>";
		};
		B9D07075183B3BED00A21E65 /* Products */ = {
			isa = PBXGroup;
			children = (
				B9D07074183B3BED00A21E65 /* UIWebViewWithHeader.app */,
			);
			name = Products;
			sourceTree = "<group>";
		};
		B9D07076183B3BED00A21E65 /* Frameworks */ = {
			isa = PBXGroup;
			children = (
				B9D07077183B3BED00A21E65 /* Foundation.framework */,
				B9D07079183B3BED00A21E65 /* CoreGraphics.framework */,
				B9D0707B183B3BED00A21E65 /* UIKit.framework */,
			);
			name = Frameworks;
			sourceTree = "<group>";
		};
		B9D0707D183B3BED00A21E65 /* UIWebViewWithHeader */ = {
			isa = PBXGroup;
			children = (
				B9D07086183B3BED00A21E65 /* AppDelegate.h */,
				B9D07087183B3BED00A21E65 /* AppDelegate.m */,
				B9D07089183B3BED00A21E65 /* Main.storyboard */,
				B9D0708C183B3BED00A21E65 /* ViewController.h */,
				B9D0708D183B3BED00A21E65 /* ViewController.m */,
				B9D0708F183B3BED00A21E65 /* Images.xcassets */,
				B9D0707E183B3BED00A21E65 /* Supporting Files */,
			);
			path = UIWebViewWithHeader;
			sourceTree = "<group>";
		};
		B9D0707E183B3BED00A21E65 /* Supporting Files */ = {
			isa = PBXGroup;
			children = (
				B9D0707F183B3BED00A21E65 /* UIWebViewWithHeader-Info.plist */,
				B9D07080183B3BED00A21E65 /* InfoPlist.strings */,
				B9D07083183B3BED00A21E65 /* main.m */,
				B9D07085183B3BED00A21E65 /* UIWebViewWithHeader-Prefix.pch */,
			);
			name = "Supporting Files";
			sourceTree = "<group>";
		};
/* End PBXGroup section */

/* Begin PBXNativeTarget section */
		B9D07073183B3BED00A21E65 /* UIWebViewWithHeader */ = {
			isa = PBXNativeTarget;
			buildConfigurationList = B9D070A6183B3BED00A21E65 /* Build configuration list for PBXNativeTarget "UIWebViewWithHeader" */;
			buildPhases = (
				B9D07070183B3BED00A21E65 /* Sources */,
				B9D07071183B3BED00A21E65 /* Frameworks */,
				B9D07072183B3BED00A21E65 /* Resources */,
			);
			buildRules = (
			);
			dependencies = (
			);
			name = UIWebViewWithHeader;
			productName = UIWebViewWithHeader;
			productReference = B9D07074183B3BED00A21E65 /* UIWebViewWithHeader.app */;
			productType = "com.apple.product-type.application";
		};
/* End PBXNativeTarget section */

/* Begin PBXProject section */
		B9D0706C183B3BED00A21E65 /* Project object */ = {
			isa = PBXProject;
			attributes = {
				LastUpgradeCheck = 0500;
				ORGANIZATIONNAME = isaced;
			};
			buildConfigurationList = B9D0706F183B3BED00A21E65 /* Build configuration list for PBXProject "UIWebViewWithHeader" */;
			compatibilityVersion = "Xcode 3.2";
			developmentRegion = English;
			hasScannedForEncodings = 0;
			knownRegions = (
				en,
				Base,
			);
			mainGroup = B9D0706B183B3BED00A21E65;
			productRefGroup = B9D07075183B3BED00A21E65 /* Products */;
			projectDirPath = "";
			projectRoot = "";
			targets = (
				B9D07073183B3BED00A21E65 /* UIWebViewWithHeader */,
			);
		};
/* End PBXProject section */

/* Begin PBXResourcesBuildPhase section */
		B9D07072183B3BED00A21E65 /* Resources */ = {
			isa = PBXResourcesBuildPhase;
			buildActionMask = 2147483647;
			files = (
				B9D07090183B3BED00A21E65 /* Images.xcassets in Resources */,
				B9D07082183B3BED00A21E65 /* InfoPlist.strings in Resources */,
				B9D0708B183B3BED00A21E65 /* Main.storyboard in Resources */,
			);
			runOnlyForDeploymentPostprocessing = 0;
		};
/* End PBXResourcesBuildPhase section */

/* Begin PBXSourcesBuildPhase section */
		B9D07070183B3BED00A21E65 /* Sources */ = {
			isa = PBXSourcesBuildPhase;
			buildActionMask = 2147483647;
			files = (
				B9D070AF183B3EB900A21E65 /* UIWebViewWithHeader.m in Sources */,
				B9D0708E183B3BED00A21E65 /* ViewController.m in Sources */,
				B9D07088183B3BED00A21E65 /* AppDelegate.m in Sources */,
				B9D07084183B3BED00A21E65 /* main.m in Sources */,
			);
			runOnlyForDeploymentPostprocessing = 0;
		};
/* End PBXSourcesBuildPhase section */

/* Begin PBXVariantGroup section */
		B9D07080183B3BED00A21E65 /* InfoPlist.strings */ = {
			isa = PBXVariantGroup;
			children = (
				B9D07081183B3BED00A21E65 /* en */,
			);
			name = InfoPlist.strings;
			sourceTree = "<group>";
		};
		B9D07089183B3BED00A21E65 /* Main.storyboard */ = {
			isa = PBXVariantGroup;
			children = (
				B9D0708A183B3BED00A21E65 /* Base */,
			);
			name = Main.storyboard;
			sourceTree = "<group>";
		};
/* End PBXVariantGroup section */

/* Begin XCBuildConfiguration section */
		B9D070A4183B3BED00A21E65 /* Debug */ = {
			isa = XCBuildConfiguration;
			buildSettings = {
				ALWAYS_SEARCH_USER_PATHS = NO;
				ARCHS = "$(ARCHS_STANDARD_INCLUDING_64_BIT)";
				CLANG_CXX_LANGUAGE_STANDARD = "gnu++0x";
				CLANG_CXX_LIBRARY = "libc++";
				CLANG_ENABLE_MODULES = YES;
				CLANG_ENABLE_OBJC_ARC = YES;
				CLANG_WARN_BOOL_CONVERSION = YES;
				CLANG_WARN_CONSTANT_CONVERSION = YES;
				CLANG_WARN_DIRECT_OBJC_ISA_USAGE = YES_ERROR;
				CLANG_WARN_EMPTY_BODY = YES;
				CLANG_WARN_ENUM_CONVERSION = YES;
				CLANG_WARN_INT_CONVERSION = YES;
				CLANG_WARN_OBJC_ROOT_CLASS = YES_ERROR;
				CLANG_WARN__DUPLICATE_METHOD_MATCH = YES;
				"CODE_SIGN_IDENTITY[sdk=iphoneos*]" = "iPhone Developer";
				COPY_PHASE_STRIP = NO;
				GCC_C_LANGUAGE_STANDARD = gnu99;
				GCC_DYNAMIC_NO_PIC = NO;
				GCC_OPTIMIZATION_LEVEL = 0;
				GCC_PREPROCESSOR_DEFINITIONS = (
					"DEBUG=1",
					"$(inherited)",
				);
				GCC_SYMBOLS_PRIVATE_EXTERN = NO;
				GCC_WARN_64_TO_32_BIT_CONVERSION = YES;
				GCC_WARN_ABOUT_RETURN_TYPE = YES_ERROR;
				GCC_WARN_UNDECLARED_SELECTOR = YES;
				GCC_WARN_UNINITIALIZED_AUTOS = YES;
				GCC_WARN_UNUSED_FUNCTION = YES;
				GCC_WARN_UNUSED_VARIABLE = YES;
				IPHONEOS_DEPLOYMENT_TARGET = 6.1;
				ONLY_ACTIVE_ARCH = YES;
				SDKROOT = iphoneos;
			};
			name = Debug;
		};
		B9D070A5183B3BED00A21E65 /* Release */ = {
			isa = XCBuildConfiguration;
			buildSettings = {
				ALWAYS_SEARCH_USER_PATHS = NO;
				ARCHS = "$(ARCHS_STANDARD_INCLUDING_64_BIT)";
				CLANG_CXX_LANGUAGE_STANDARD = "gnu++0x";
				CLANG_CXX_LIBRARY = "libc++";
				CLANG_ENABLE_MODULES = YES;
				CLANG_ENABLE_OBJC_ARC = YES;
				CLANG_WARN_BOOL_CONVERSION = YES;
				CLANG_WARN_CONSTANT_CONVERSION = YES;
				CLANG_WARN_DIRECT_OBJC_ISA_USAGE = YES_ERROR;
				CLANG_WARN_EMPTY_BODY = YES;
				CLANG_WARN_ENUM_CONVERSION = YES;
				CLANG_WARN_INT_CONVERSION = YES;
				CLANG_WARN_OBJC_ROOT_CLASS = YES_ERROR;
				CLANG_WARN__DUPLICATE_METHOD_MATCH = YES;
				"CODE_SIGN_IDENTITY[sdk=iphoneos*]" = "iPhone Developer";
				COPY_PHASE_STRIP = YES;
				ENABLE_NS_ASSERTIONS = NO;
				GCC_C_LANGUAGE_STANDARD = gnu99;
				GCC_WARN_64_TO_32_BIT_CONVERSION = YES;
				GCC_WARN_ABOUT_RETURN_TYPE = YES_ERROR;
				GCC_WARN_UNDECLARED_SELECTOR = YES;
				GCC_WARN_UNINITIALIZED_AUTOS = YES;
				GCC_WARN_UNUSED_FUNCTION = YES;
				GCC_WARN_UNUSED_VARIABLE = YES;
				IPHONEOS_DEPLOYMENT_TARGET = 6.1;
				SDKROOT = iphoneos;
				VALIDATE_PRODUCT = YES;
			};
			name = Release;
		};
		B9D070A7183B3BED00A21E65 /* Debug */ = {
			isa = XCBuildConfiguration;
			buildSettings = {
				ASSETCATALOG_COMPILER_APPICON_NAME = AppIcon;
				ASSETCATALOG_COMPILER_LAUNCHIMAGE_NAME = LaunchImage;
				GCC_PRECOMPILE_PREFIX_HEADER = YES;
				GCC_PREFIX_HEADER = "UIWebViewWithHeader/UIWebViewWithHeader-Prefix.pch";
				INFOPLIST_FILE = "UIWebViewWithHeader/UIWebViewWithHeader-Info.plist";
				PRODUCT_NAME = "$(TARGET_NAME)";
				WRAPPER_EXTENSION = app;
			};
			name = Debug;
		};
		B9D070A8183B3BED00A21E65 /* Release */ = {
			isa = XCBuildConfiguration;
			buildSettings = {
				ASSETCATALOG_COMPILER_APPICON_NAME = AppIcon;
				ASSETCATALOG_COMPILER_LAUNCHIMAGE_NAME = LaunchImage;
				GCC_PRECOMPILE_PREFIX_HEADER = YES;
				GCC_PREFIX_HEADER = "UIWebViewWithHeader/UIWebViewWithHeader-Prefix.pch";
				INFOPLIST_FILE = "UIWebViewWithHeader/UIWebViewWithHeader-Info.plist";
				PRODUCT_NAME = "$(TARGET_NAME)";
				WRAPPER_EXTENSION = app;
			};
			name = Release;
		};
/* End XCBuildConfiguration section */

/* Begin XCConfigurationList section */
		B9D0706F183B3BED00A21E65 /* Build configuration list for PBXProject "UIWebViewWithHeader" */ = {
			isa = XCConfigurationList;
			buildConfigurations = (
				B9D070A4183B3BED00A21E65 /* Debug */,
				B9D070A5183B3BED00A21E65 /* Release */,
			);
			defaultConfigurationIsVisible = 0;
			defaultConfigurationName = Release;
		};
		B9D070A6183B3BED00A21E65 /* Build configuration list for PBXNativeTarget "UIWebViewWithHeader" */ = {
			isa = XCConfigurationList;
			buildConfigurations = (
				B9D070A7183B3BED00A21E65 /* Debug */,
				B9D070A8183B3BED00A21E65 /* Release */,
			);
			defaultConfigurationIsVisible = 0;
			defaultConfigurationName = Release;
		};
/* End XCConfigurationList section */
	};
	rootObject = B9D0706C183B3BED00A21E65 /* Project object */;
}
